
Microsoft Visual Studio Solution File, Format Version 12.00
# Visual Studio Version 17
VisualStudioVersion = 17.11.35222.181
MinimumVisualStudioVersion = 10.0.40219.1
Project("{9A19103F-16F7-4668-BE54-9A1E7A4F7556}") = "AuthApi", "AuthApi\AuthApi.csproj", "{BDAF8C04-EA5A-4889-BD06-40214C045685}"
EndProject
Project("{9A19103F-16F7-4668-BE54-9A1E7A4F7556}") = "projektApi", "projektApi\projektApi.csproj", "{A66FF9C5-04FA-48CB-B3BC-A77827688C26}"
EndProject
Project("{FAE04EC0-301F-11D3-BF4B-00C04F79EFBC}") = "Weatherforecast1", "Weatherforecast1\Weatherforecast1.csproj", "{2680216E-1023-4F7F-B5FB-B1DC790A0E60}"
EndProject
Global
	GlobalSection(SolutionConfigurationPlatforms) = preSolution
		Debug|Any CPU = Debug|Any CPU
		Release|Any CPU = Release|Any CPU
	EndGlobalSection
	GlobalSection(ProjectConfigurationPlatforms) = postSolution
		{BDAF8C04-EA5A-4889-BD06-40214C045685}.Debug|Any CPU.ActiveCfg = Debug|Any CPU
		{BDAF8C04-EA5A-4889-BD06-40214C045685}.Debug|Any CPU.Build.0 = Debug|Any CPU
		{BDAF8C04-EA5A-4889-BD06-40214C045685}.Release|Any CPU.ActiveCfg = Release|Any CPU
		{BDAF8C04-EA5A-4889-BD06-40214C045685}.Release|Any CPU.Build.0 = Release|Any CPU
		{A66FF9C5-04FA-48CB-B3BC-A77827688C26}.Debug|Any CPU.ActiveCfg = Debug|Any CPU
		{A66FF9C5-04FA-48CB-B3BC-A77827688C26}.Debug|Any CPU.Build.0 = Debug|Any CPU
		{A66FF9C5-04FA-48CB-B3BC-A77827688C26}.Release|Any CPU.ActiveCfg = Release|Any CPU
		{A66FF9C5-04FA-48CB-B3BC-A77827688C26}.Release|Any CPU.Build.0 = Release|Any CPU
		{2680216E-1023-4F7F-B5FB-B1DC790A0E60}.Debug|Any CPU.ActiveCfg = Debug|Any CPU
		{2680216E-1023-4F7F-B5FB-B1DC790A0E60}.Debug|Any CPU.Build.0 = Debug|Any CPU
		{2680216E-1023-4F7F-B5FB-B1DC790A0E60}.Release|Any CPU.ActiveCfg = Release|Any CPU
		{2680216E-1023-4F7F-B5FB-B1DC790A0E60}.Release|Any CPU.Build.0 = Release|Any CPU
	EndGlobalSection
	GlobalSection(SolutionProperties) = preSolution
		HideSolutionNode = FALSE
	EndGlobalSection
	GlobalSection(ExtensibilityGlobals) = postSolution
		SolutionGuid = {E37ABC3B-AF50-4AB9-80D2-8D43767B1926}
	EndGlobalSection
EndGlobal
